// !$*UTF8*$!
{
	archiveVersion = 1;
	classes = {
	};
	objectVersion = 46;
	objects = {

/* Begin PBXBuildFile section */
		D388D28A1A51DE7E0086975F /* main.m in Sources */ = {isa = PBXBuildFile; fileRef = D388D2891A51DE7E0086975F /* main.m */; };
		D388D28D1A51DE7F0086975F /* AppDelegate.m in Sources */ = {isa = PBXBuildFile; fileRef = D388D28C1A51DE7F0086975F /* AppDelegate.m */; };
		D388D2951A51DE7F0086975F /* Images.xcassets in Resources */ = {isa = PBXBuildFile; fileRef = D388D2941A51DE7F0086975F /* Images.xcassets */; };
		D388D2981A51DE7F0086975F /* LaunchScreen.xib in Resources */ = {isa = PBXBuildFile; fileRef = D388D2961A51DE7F0086975F /* LaunchScreen.xib */; };
		D388D2A41A51DE7F0086975F /* adv770_v1Tests.m in Sources */ = {isa = PBXBuildFile; fileRef = D388D2A31A51DE7F0086975F /* adv770_v1Tests.m */; };
		D388D2B61A51DECA0086975F /* ViewController.m in Sources */ = {isa = PBXBuildFile; fileRef = D388D2AD1A51DECA0086975F /* ViewController.m */; };
		D388D2B71A51DECA0086975F /* adv00.c in Sources */ = {isa = PBXBuildFile; fileRef = D388D2AE1A51DECA0086975F /* adv00.c */; };
		D388D2B81A51DECA0086975F /* advio.m in Sources */ = {isa = PBXBuildFile; fileRef = D388D2B01A51DECA0086975F /* advio.m */; };
		D388D2B91A51DECA0086975F /* Main.storyboard in Resources */ = {isa = PBXBuildFile; fileRef = D388D2B11A51DECA0086975F /* Main.storyboard */; };
		D388D2BA1A51DECA0086975F /* adv01.c in Sources */ = {isa = PBXBuildFile; fileRef = D388D2B31A51DECA0086975F /* adv01.c */; };
		D388D2D11A51DEFB0086975F /* adv02.c in Sources */ = {isa = PBXBuildFile; fileRef = D388D2BC1A51DEFB0086975F /* adv02.c */; };
		D388D2D21A51DEFB0086975F /* adv03.c in Sources */ = {isa = PBXBuildFile; fileRef = D388D2BE1A51DEFB0086975F /* adv03.c */; };
		D388D2D31A51DEFB0086975F /* adv04.c in Sources */ = {isa = PBXBuildFile; fileRef = D388D2C01A51DEFB0086975F /* adv04.c */; };
		D388D2D41A51DEFB0086975F /* adv05.c in Sources */ = {isa = PBXBuildFile; fileRef = D388D2C21A51DEFB0086975F /* adv05.c */; };
		D388D2D51A51DEFB0086975F /* adv06.c in Sources */ = {isa = PBXBuildFile; fileRef = D388D2C41A51DEFB0086975F /* adv06.c */; };
		D388D2D61A51DEFB0086975F /* adv07.c in Sources */ = {isa = PBXBuildFile; fileRef = D388D2C61A51DEFB0086975F /* adv07.c */; };
		D388D2D71A51DEFB0086975F /* adv08.c in Sources */ = {isa = PBXBuildFile; fileRef = D388D2C71A51DEFB0086975F /* adv08.c */; };
		D388D2D81A51DEFB0086975F /* adv09.c in Sources */ = {isa = PBXBuildFile; fileRef = D388D2C81A51DEFB0086975F /* adv09.c */; };
		D388D2D91A51DEFB0086975F /* adv10.c in Sources */ = {isa = PBXBuildFile; fileRef = D388D2C91A51DEFB0086975F /* adv10.c */; };
		D388D2DA1A51DEFB0086975F /* adv11.c in Sources */ = {isa = PBXBuildFile; fileRef = D388D2CA1A51DEFB0086975F /* adv11.c */; };
		D388D2DB1A51DEFB0086975F /* adv12.c in Sources */ = {isa = PBXBuildFile; fileRef = D388D2CB1A51DEFB0086975F /* adv12.c */; };
		D388D2DC1A51DEFB0086975F /* adv13.c in Sources */ = {isa = PBXBuildFile; fileRef = D388D2CC1A51DEFB0086975F /* adv13.c */; };
		D388D2DD1A51DEFB0086975F /* adv14.c in Sources */ = {isa = PBXBuildFile; fileRef = D388D2CD1A51DEFB0086975F /* adv14.c */; };
		D388D2DE1A51DEFB0086975F /* adv15.c in Sources */ = {isa = PBXBuildFile; fileRef = D388D2CE1A51DEFB0086975F /* adv15.c */; };
		D388D2DF1A51DEFB0086975F /* adv16.c in Sources */ = {isa = PBXBuildFile; fileRef = D388D2CF1A51DEFB0086975F /* adv16.c */; };
		D388D2E01A51DEFB0086975F /* adv17.c in Sources */ = {isa = PBXBuildFile; fileRef = D388D2D01A51DEFB0086975F /* adv17.c */; };
/* End PBXBuildFile section */

/* Begin PBXContainerItemProxy section */
		D388D29E1A51DE7F0086975F /* PBXContainerItemProxy */ = {
			isa = PBXContainerItemProxy;
			containerPortal = D388D27C1A51DE7E0086975F /* Project object */;
			proxyType = 1;
			remoteGlobalIDString = D388D2831A51DE7E0086975F;
			remoteInfo = "adv770 v1";
		};
/* End PBXContainerItemProxy section */

/* Begin PBXFileReference section */
		D388D2841A51DE7E0086975F /* adv770 v1.app */ = {isa = PBXFileReference; explicitFileType = wrapper.application; includeInIndex = 0; path = "adv770 v1.app"; sourceTree = BUILT_PRODUCTS_DIR; };
		D388D2881A51DE7E0086975F /* Info.plist */ = {isa = PBXFileReference; lastKnownFileType = text.plist.xml; path = Info.plist; sourceTree = "<group>"; };
		D388D2891A51DE7E0086975F /* main.m */ = {isa = PBXFileReference; lastKnownFileType = sourcecode.c.objc; path = main.m; sourceTree = "<group>"; };
		D388D28B1A51DE7E0086975F /* AppDelegate.h */ = {isa = PBXFileReference; lastKnownFileType = sourcecode.c.h; path = AppDelegate.h; sourceTree = "<group>"; };
		D388D28C1A51DE7F0086975F /* AppDelegate.m */ = {isa = PBXFileReference; lastKnownFileType = sourcecode.c.objc; path = AppDelegate.m; sourceTree = "<group>"; };
		D388D2941A51DE7F0086975F /* Images.xcassets */ = {isa = PBXFileReference; lastKnownFileType = folder.assetcatalog; path = Images.xcassets; sourceTree = "<group>"; };
		D388D2971A51DE7F0086975F /* Base */ = {isa = PBXFileReference; lastKnownFileType = file.xib; name = Base; path = Base.lproj/LaunchScreen.xib; sourceTree = "<group>"; };
		D388D29D1A51DE7F0086975F /* adv770 v1Tests.xctest */ = {isa = PBXFileReference; explicitFileType = wrapper.cfbundle; includeInIndex = 0; path = "adv770 v1Tests.xctest"; sourceTree = BUILT_PRODUCTS_DIR; };
		D388D2A21A51DE7F0086975F /* Info.plist */ = {isa = PBXFileReference; lastKnownFileType = text.plist.xml; path = Info.plist; sourceTree = "<group>"; };
		D388D2A31A51DE7F0086975F /* adv770_v1Tests.m */ = {isa = PBXFileReference; lastKnownFileType = sourcecode.c.objc; path = adv770_v1Tests.m; sourceTree = "<group>"; };
		D388D2AD1A51DECA0086975F /* ViewController.m */ = {isa = PBXFileReference; fileEncoding = 4; lastKnownFileType = sourcecode.c.objc; name = ViewController.m; path = ../../AdvIOS/AdvIOS/ViewController.m; sourceTree = "<group>"; };
		D388D2AE1A51DECA0086975F /* adv00.c */ = {isa = PBXFileReference; fileEncoding = 4; lastKnownFileType = sourcecode.c.c; name = adv00.c; path = ../../AdvIOS/AdvIOS/adv00.c; sourceTree = "<group>"; };
		D388D2AF1A51DECA0086975F /* ios.h */ = {isa = PBXFileReference; fileEncoding = 4; lastKnownFileType = sourcecode.c.h; name = ios.h; path = ../../AdvIOS/AdvIOS/ios.h; sourceTree = "<group>"; };
		D388D2B01A51DECA0086975F /* advio.m */ = {isa = PBXFileReference; fileEncoding = 4; lastKnownFileType = sourcecode.c.objc; name = advio.m; path = ../../AdvIOS/AdvIOS/advio.m; sourceTree = "<group>"; };
		D388D2B11A51DECA0086975F /* Main.storyboard */ = {isa = PBXFileReference; fileEncoding = 4; lastKnownFileType = file.storyboard; name = Main.storyboard; path = ../../AdvIOS/AdvIOS/Main.storyboard; sourceTree = "<group>"; };
		D388D2B21A51DECA0086975F /* adv0.h */ = {isa = PBXFileReference; fileEncoding = 4; lastKnownFileType = sourcecode.c.h; name = adv0.h; path = ../../AdvIOS/AdvIOS/adv0.h; sourceTree = "<group>"; };
		D388D2B31A51DECA0086975F /* adv01.c */ = {isa = PBXFileReference; fileEncoding = 4; lastKnownFileType = sourcecode.c.c; name = adv01.c; path = ../../AdvIOS/AdvIOS/adv01.c; sourceTree = "<group>"; };
		D388D2B41A51DECA0086975F /* ViewController.h */ = {isa = PBXFileReference; fileEncoding = 4; lastKnownFileType = sourcecode.c.h; name = ViewController.h; path = ../../AdvIOS/AdvIOS/ViewController.h; sourceTree = "<group>"; };
		D388D2B51A51DECA0086975F /* advio.h */ = {isa = PBXFileReference; fileEncoding = 4; lastKnownFileType = sourcecode.c.h; name = advio.h; path = ../../AdvIOS/AdvIOS/advio.h; sourceTree = "<group>"; };
		D388D2BB1A51DEFB0086975F /* adv1.h */ = {isa = PBXFileReference; fileEncoding = 4; lastKnownFileType = sourcecode.c.h; path = adv1.h; sourceTree = "<group>"; };
		D388D2BC1A51DEFB0086975F /* adv02.c */ = {isa = PBXFileReference; fileEncoding = 4; lastKnownFileType = sourcecode.c.c; path = adv02.c; sourceTree = "<group>"; };
		D388D2BD1A51DEFB0086975F /* adv2.h */ = {isa = PBXFileReference; fileEncoding = 4; lastKnownFileType = sourcecode.c.h; path = adv2.h; sourceTree = "<group>"; };
		D388D2BE1A51DEFB0086975F /* adv03.c */ = {isa = PBXFileReference; fileEncoding = 4; lastKnownFileType = sourcecode.c.c; path = adv03.c; sourceTree = "<group>"; };
		D388D2BF1A51DEFB0086975F /* adv3.h */ = {isa = PBXFileReference; fileEncoding = 4; lastKnownFileType = sourcecode.c.h; path = adv3.h; sourceTree = "<group>"; };
		D388D2C01A51DEFB0086975F /* adv04.c */ = {isa = PBXFileReference; fileEncoding = 4; lastKnownFileType = sourcecode.c.c; path = adv04.c; sourceTree = "<group>"; };
		D388D2C11A51DEFB0086975F /* adv4.h */ = {isa = PBXFileReference; fileEncoding = 4; lastKnownFileType = sourcecode.c.h; path = adv4.h; sourceTree = "<group>"; };
		D388D2C21A51DEFB0086975F /* adv05.c */ = {isa = PBXFileReference; fileEncoding = 4; lastKnownFileType = sourcecode.c.c; path = adv05.c; sourceTree = "<group>"; };
		D388D2C31A51DEFB0086975F /* adv5.h */ = {isa = PBXFileReference; fileEncoding = 4; lastKnownFileType = sourcecode.c.h; path = adv5.h; sourceTree = "<group>"; };
		D388D2C41A51DEFB0086975F /* adv06.c */ = {isa = PBXFileReference; fileEncoding = 4; lastKnownFileType = sourcecode.c.c; path = adv06.c; sourceTree = "<group>"; };
		D388D2C51A51DEFB0086975F /* adv6.h */ = {isa = PBXFileReference; fileEncoding = 4; lastKnownFileType = sourcecode.c.h; path = adv6.h; sourceTree = "<group>"; };
		D388D2C61A51DEFB0086975F /* adv07.c */ = {isa = PBXFileReference; fileEncoding = 4; lastKnownFileType = sourcecode.c.c; path = adv07.c; sourceTree = "<group>"; };
		D388D2C71A51DEFB0086975F /* adv08.c */ = {isa = PBXFileReference; fileEncoding = 4; lastKnownFileType = sourcecode.c.c; path = adv08.c; sourceTree = "<group>"; };
		D388D2C81A51DEFB0086975F /* adv09.c */ = {isa = PBXFileReference; fileEncoding = 4; lastKnownFileType = sourcecode.c.c; path = adv09.c; sourceTree = "<group>"; };
		D388D2C91A51DEFB0086975F /* adv10.c */ = {isa = PBXFileReference; fileEncoding = 4; lastKnownFileType = sourcecode.c.c; path = adv10.c; sourceTree = "<group>"; };
		D388D2CA1A51DEFB0086975F /* adv11.c */ = {isa = PBXFileReference; fileEncoding = 4; lastKnownFileType = sourcecode.c.c; path = adv11.c; sourceTree = "<group>"; };
		D388D2CB1A51DEFB0086975F /* adv12.c */ = {isa = PBXFileReference; fileEncoding = 4; lastKnownFileType = sourcecode.c.c; path = adv12.c; sourceTree = "<group>"; };
		D388D2CC1A51DEFB0086975F /* adv13.c */ = {isa = PBXFileReference; fileEncoding = 4; lastKnownFileType = sourcecode.c.c; path = adv13.c; sourceTree = "<group>"; };
		D388D2CD1A51DEFB0086975F /* adv14.c */ = {isa = PBXFileReference; fileEncoding = 4; lastKnownFileType = sourcecode.c.c; path = adv14.c; sourceTree = "<group>"; };
		D388D2CE1A51DEFB0086975F /* adv15.c */ = {isa = PBXFileReference; fileEncoding = 4; lastKnownFileType = sourcecode.c.c; path = adv15.c; sourceTree = "<group>"; };
		D388D2CF1A51DEFB0086975F /* adv16.c */ = {isa = PBXFileReference; fileEncoding = 4; lastKnownFileType = sourcecode.c.c; path = adv16.c; sourceTree = "<group>"; };
		D388D2D01A51DEFB0086975F /* adv17.c */ = {isa = PBXFileReference; fileEncoding = 4; lastKnownFileType = sourcecode.c.c; path = adv17.c; sourceTree = "<group>"; };
		D388D2E11A51DF580086975F /* version.h */ = {isa = PBXFileReference; lastKnownFileType = sourcecode.c.h; path = version.h; sourceTree = "<group>"; };
/* End PBXFileReference section */

/* Begin PBXFrameworksBuildPhase section */
		D388D2811A51DE7E0086975F /* Frameworks */ = {
			isa = PBXFrameworksBuildPhase;
			buildActionMask = 2147483647;
			files = (
			);
			runOnlyForDeploymentPostprocessing = 0;
		};
		D388D29A1A51DE7F0086975F /* Frameworks */ = {
			isa = PBXFrameworksBuildPhase;
			buildActionMask = 2147483647;
			files = (
			);
			runOnlyForDeploymentPostprocessing = 0;
		};
/* End PBXFrameworksBuildPhase section */

/* Begin PBXGroup section */
		D388D27B1A51DE7E0086975F = {
			isa = PBXGroup;
			children = (
				D388D2861A51DE7E0086975F /* adv770 v1 */,
				D388D2A01A51DE7F0086975F /* adv770 v1Tests */,
				D388D2851A51DE7E0086975F /* Products */,
			);
			sourceTree = "<group>";
		};
		D388D2851A51DE7E0086975F /* Products */ = {
			isa = PBXGroup;
			children = (
				D388D2841A51DE7E0086975F /* adv770 v1.app */,
				D388D29D1A51DE7F0086975F /* adv770 v1Tests.xctest */,
			);
			name = Products;
			sourceTree = "<group>";
		};
		D388D2861A51DE7E0086975F /* adv770 v1 */ = {
			isa = PBXGroup;
			children = (
				D388D2E11A51DF580086975F /* version.h */,
				D388D2AD1A51DECA0086975F /* ViewController.m */,
				D388D2BB1A51DEFB0086975F /* adv1.h */,
				D388D2BC1A51DEFB0086975F /* adv02.c */,
				D388D2BD1A51DEFB0086975F /* adv2.h */,
				D388D2BE1A51DEFB0086975F /* adv03.c */,
				D388D2BF1A51DEFB0086975F /* adv3.h */,
				D388D2C01A51DEFB0086975F /* adv04.c */,
				D388D2C11A51DEFB0086975F /* adv4.h */,
				D388D2C21A51DEFB0086975F /* adv05.c */,
				D388D2C31A51DEFB0086975F /* adv5.h */,
				D388D2C41A51DEFB0086975F /* adv06.c */,
				D388D2C51A51DEFB0086975F /* adv6.h */,
				D388D2C61A51DEFB0086975F /* adv07.c */,
				D388D2C71A51DEFB0086975F /* adv08.c */,
				D388D2C81A51DEFB0086975F /* adv09.c */,
				D388D2C91A51DEFB0086975F /* adv10.c */,
				D388D2CA1A51DEFB0086975F /* adv11.c */,
				D388D2CB1A51DEFB0086975F /* adv12.c */,
				D388D2CC1A51DEFB0086975F /* adv13.c */,
				D388D2CD1A51DEFB0086975F /* adv14.c */,
				D388D2CE1A51DEFB0086975F /* adv15.c */,
				D388D2CF1A51DEFB0086975F /* adv16.c */,
				D388D2D01A51DEFB0086975F /* adv17.c */,
				D388D2AE1A51DECA0086975F /* adv00.c */,
				D388D2AF1A51DECA0086975F /* ios.h */,
				D388D2B01A51DECA0086975F /* advio.m */,
				D388D2B11A51DECA0086975F /* Main.storyboard */,
				D388D2B21A51DECA0086975F /* adv0.h */,
				D388D2B31A51DECA0086975F /* adv01.c */,
				D388D2B41A51DECA0086975F /* ViewController.h */,
				D388D2B51A51DECA0086975F /* advio.h */,
				D388D28B1A51DE7E0086975F /* AppDelegate.h */,
				D388D28C1A51DE7F0086975F /* AppDelegate.m */,
				D388D2941A51DE7F0086975F /* Images.xcassets */,
				D388D2961A51DE7F0086975F /* LaunchScreen.xib */,
				D388D2871A51DE7E0086975F /* Supporting Files */,
			);
			path = "adv770 v1";
			sourceTree = "<group>";
		};
		D388D2871A51DE7E0086975F /* Supporting Files */ = {
			isa = PBXGroup;
			children = (
				D388D2881A51DE7E0086975F /* Info.plist */,
				D388D2891A51DE7E0086975F /* main.m */,
			);
			name = "Supporting Files";
			sourceTree = "<group>";
		};
		D388D2A01A51DE7F0086975F /* adv770 v1Tests */ = {
			isa = PBXGroup;
			children = (
				D388D2A31A51DE7F0086975F /* adv770_v1Tests.m */,
				D388D2A11A51DE7F0086975F /* Supporting Files */,
			);
			path = "adv770 v1Tests";
			sourceTree = "<group>";
		};
		D388D2A11A51DE7F0086975F /* Supporting Files */ = {
			isa = PBXGroup;
			children = (
				D388D2A21A51DE7F0086975F /* Info.plist */,
			);
			name = "Supporting Files";
			sourceTree = "<group>";
		};
/* End PBXGroup section */

/* Begin PBXNativeTarget section */
		D388D2831A51DE7E0086975F /* adv770 v1 */ = {
			isa = PBXNativeTarget;
			buildConfigurationList = D388D2A71A51DE7F0086975F /* Build configuration list for PBXNativeTarget "adv770 v1" */;
			buildPhases = (
				D388D2801A51DE7E0086975F /* Sources */,
				D388D2811A51DE7E0086975F /* Frameworks */,
				D388D2821A51DE7E0086975F /* Resources */,
			);
			buildRules = (
			);
			dependencies = (
			);
			name = "adv770 v1";
			productName = "adv770 v1";
			productReference = D388D2841A51DE7E0086975F /* adv770 v1.app */;
			productType = "com.apple.product-type.application";
		};
		D388D29C1A51DE7F0086975F /* adv770 v1Tests */ = {
			isa = PBXNativeTarget;
			buildConfigurationList = D388D2AA1A51DE7F0086975F /* Build configuration list for PBXNativeTarget "adv770 v1Tests" */;
			buildPhases = (
				D388D2991A51DE7F0086975F /* Sources */,
				D388D29A1A51DE7F0086975F /* Frameworks */,
				D388D29B1A51DE7F0086975F /* Resources */,
			);
			buildRules = (
			);
			dependencies = (
				D388D29F1A51DE7F0086975F /* PBXTargetDependency */,
			);
			name = "adv770 v1Tests";
			productName = "adv770 v1Tests";
			productReference = D388D29D1A51DE7F0086975F /* adv770 v1Tests.xctest */;
			productType = "com.apple.product-type.bundle.unit-test";
		};
/* End PBXNativeTarget section */

/* Begin PBXProject section */
		D388D27C1A51DE7E0086975F /* Project object */ = {
			isa = PBXProject;
			attributes = {
				LastUpgradeCheck = 0610;
				ORGANIZATIONNAME = Brian;
				TargetAttributes = {
					D388D2831A51DE7E0086975F = {
						CreatedOnToolsVersion = 6.1;
					};
					D388D29C1A51DE7F0086975F = {
						CreatedOnToolsVersion = 6.1;
						TestTargetID = D388D2831A51DE7E0086975F;
					};
				};
			};
			buildConfigurationList = D388D27F1A51DE7E0086975F /* Build configuration list for PBXProject "adv770 v1" */;
			compatibilityVersion = "Xcode 3.2";
			developmentRegion = English;
			hasScannedForEncodings = 0;
			knownRegions = (
				en,
				Base,
			);
			mainGroup = D388D27B1A51DE7E0086975F;
			productRefGroup = D388D2851A51DE7E0086975F /* Products */;
			projectDirPath = "";
			projectRoot = "";
			targets = (
				D388D2831A51DE7E0086975F /* adv770 v1 */,
				D388D29C1A51DE7F0086975F /* adv770 v1Tests */,
			);
		};
/* End PBXProject section */

/* Begin PBXResourcesBuildPhase section */
		D388D2821A51DE7E0086975F /* Resources */ = {
			isa = PBXResourcesBuildPhase;
			buildActionMask = 2147483647;
			files = (
				D388D2B91A51DECA0086975F /* Main.storyboard in Resources */,
				D388D2981A51DE7F0086975F /* LaunchScreen.xib in Resources */,
				D388D2951A51DE7F0086975F /* Images.xcassets in Resources */,
			);
			runOnlyForDeploymentPostprocessing = 0;
		};
		D388D29B1A51DE7F0086975F /* Resources */ = {
			isa = PBXResourcesBuildPhase;
			buildActionMask = 2147483647;
			files = (
			);
			runOnlyForDeploymentPostprocessing = 0;
		};
/* End PBXResourcesBuildPhase section */

/* Begin PBXSourcesBuildPhase section */
		D388D2801A51DE7E0086975F /* Sources */ = {
			isa = PBXSourcesBuildPhase;
			buildActionMask = 2147483647;
			files = (
				D388D2BA1A51DECA0086975F /* adv01.c in Sources */,
				D388D2E01A51DEFB0086975F /* adv17.c in Sources */,
				D388D2B61A51DECA0086975F /* ViewController.m in Sources */,
				D388D2D41A51DEFB0086975F /* adv05.c in Sources */,
				D388D2D71A51DEFB0086975F /* adv08.c in Sources */,
				D388D28D1A51DE7F0086975F /* AppDelegate.m in Sources */,
				D388D2DA1A51DEFB0086975F /* adv11.c in Sources */,
				D388D2DF1A51DEFB0086975F /* adv16.c in Sources */,
				D388D2D31A51DEFB0086975F /* adv04.c in Sources */,
				D388D2DB1A51DEFB0086975F /* adv12.c in Sources */,
				D388D2D11A51DEFB0086975F /* adv02.c in Sources */,
				D388D2DE1A51DEFB0086975F /* adv15.c in Sources */,
				D388D2D61A51DEFB0086975F /* adv07.c in Sources */,
				D388D28A1A51DE7E0086975F /* main.m in Sources */,
				D388D2D91A51DEFB0086975F /* adv10.c in Sources */,
				D388D2B71A51DECA0086975F /* adv00.c in Sources */,
				D388D2D81A51DEFB0086975F /* adv09.c in Sources */,
				D388D2D21A51DEFB0086975F /* adv03.c in Sources */,
				D388D2DC1A51DEFB0086975F /* adv13.c in Sources */,
				D388D2B81A51DECA0086975F /* advio.m in Sources */,
				D388D2D51A51DEFB0086975F /* adv06.c in Sources */,
				D388D2DD1A51DEFB0086975F /* adv14.c in Sources */,
			);
			runOnlyForDeploymentPostprocessing = 0;
		};
		D388D2991A51DE7F0086975F /* Sources */ = {
			isa = PBXSourcesBuildPhase;
			buildActionMask = 2147483647;
			files = (
				D388D2A41A51DE7F0086975F /* adv770_v1Tests.m in Sources */,
			);
			runOnlyForDeploymentPostprocessing = 0;
		};
/* End PBXSourcesBuildPhase section */

/* Begin PBXTargetDependency section */
		D388D29F1A51DE7F0086975F /* PBXTargetDependency */ = {
			isa = PBXTargetDependency;
			target = D388D2831A51DE7E0086975F /* adv770 v1 */;
			targetProxy = D388D29E1A51DE7F0086975F /* PBXContainerItemProxy */;
		};
/* End PBXTargetDependency section */

/* Begin PBXVariantGroup section */
		D388D2961A51DE7F0086975F /* LaunchScreen.xib */ = {
			isa = PBXVariantGroup;
			children = (
				D388D2971A51DE7F0086975F /* Base */,
			);
			name = LaunchScreen.xib;
			sourceTree = "<group>";
		};
/* End PBXVariantGroup section */

/* Begin XCBuildConfiguration section */
		D388D2A51A51DE7F0086975F /* Debug */ = {
			isa = XCBuildConfiguration;
			buildSettings = {
				ALWAYS_SEARCH_USER_PATHS = NO;
				CLANG_CXX_LANGUAGE_STANDARD = "gnu++0x";
				CLANG_CXX_LIBRARY = "libc++";
				CLANG_ENABLE_MODULES = YES;
				CLANG_ENABLE_OBJC_ARC = YES;
				CLANG_WARN_BOOL_CONVERSION = YES;
				CLANG_WARN_CONSTANT_CONVERSION = YES;
				CLANG_WARN_DIRECT_OBJC_ISA_USAGE = YES_ERROR;
				CLANG_WARN_EMPTY_BODY = YES;
				CLANG_WARN_ENUM_CONVERSION = YES;
				CLANG_WARN_INT_CONVERSION = YES;
				CLANG_WARN_OBJC_ROOT_CLASS = YES_ERROR;
				CLANG_WARN_UNREACHABLE_CODE = YES;
				CLANG_WARN__DUPLICATE_METHOD_MATCH = YES;
				"CODE_SIGN_IDENTITY[sdk=iphoneos*]" = "iPhone Developer";
				COPY_PHASE_STRIP = NO;
				ENABLE_STRICT_OBJC_MSGSEND = YES;
				GCC_C_LANGUAGE_STANDARD = gnu99;
				GCC_DYNAMIC_NO_PIC = NO;
				GCC_OPTIMIZATION_LEVEL = 0;
				GCC_PREPROCESSOR_DEFINITIONS = (
					"DEBUG=1",
					"$(inherited)",
				);
				GCC_SYMBOLS_PRIVATE_EXTERN = NO;
				GCC_WARN_64_TO_32_BIT_CONVERSION = YES;
				GCC_WARN_ABOUT_RETURN_TYPE = YES_ERROR;
				GCC_WARN_UNDECLARED_SELECTOR = YES;
				GCC_WARN_UNINITIALIZED_AUTOS = YES_AGGRESSIVE;
				GCC_WARN_UNUSED_FUNCTION = YES;
				GCC_WARN_UNUSED_VARIABLE = YES;
				IPHONEOS_DEPLOYMENT_TARGET = 8.1;
				MTL_ENABLE_DEBUG_INFO = YES;
				ONLY_ACTIVE_ARCH = YES;
				SDKROOT = iphoneos;
				TARGETED_DEVICE_FAMILY = 2;
			};
			name = Debug;
		};
		D388D2A61A51DE7F0086975F /* Release */ = {
			isa = XCBuildConfiguration;
			buildSettings = {
				ALWAYS_SEARCH_USER_PATHS = NO;
				CLANG_CXX_LANGUAGE_STANDARD = "gnu++0x";
				CLANG_CXX_LIBRARY = "libc++";
				CLANG_ENABLE_MODULES = YES;
				CLANG_ENABLE_OBJC_ARC = YES;
				CLANG_WARN_BOOL_CONVERSION = YES;
				CLANG_WARN_CONSTANT_CONVERSION = YES;
				CLANG_WARN_DIRECT_OBJC_ISA_USAGE = YES_ERROR;
				CLANG_WARN_EMPTY_BODY = YES;
				CLANG_WARN_ENUM_CONVERSION = YES;
				CLANG_WARN_INT_CONVERSION = YES;
				CLANG_WARN_OBJC_ROOT_CLASS = YES_ERROR;
				CLANG_WARN_UNREACHABLE_CODE = YES;
				CLANG_WARN__DUPLICATE_METHOD_MATCH = YES;
				"CODE_SIGN_IDENTITY[sdk=iphoneos*]" = "iPhone Developer";
				COPY_PHASE_STRIP = YES;
				ENABLE_NS_ASSERTIONS = NO;
				ENABLE_STRICT_OBJC_MSGSEND = YES;
				GCC_C_LANGUAGE_STANDARD = gnu99;
				GCC_WARN_64_TO_32_BIT_CONVERSION = YES;
				GCC_WARN_ABOUT_RETURN_TYPE = YES_ERROR;
				GCC_WARN_UNDECLARED_SELECTOR = YES;
				GCC_WARN_UNINITIALIZED_AUTOS = YES_AGGRESSIVE;
				GCC_WARN_UNUSED_FUNCTION = YES;
				GCC_WARN_UNUSED_VARIABLE = YES;
				IPHONEOS_DEPLOYMENT_TARGET = 8.1;
				MTL_ENABLE_DEBUG_INFO = NO;
				SDKROOT = iphoneos;
				TARGETED_DEVICE_FAMILY = 2;
				VALIDATE_PRODUCT = YES;
			};
			name = Release;
		};
		D388D2A81A51DE7F0086975F /* Debug */ = {
			isa = XCBuildConfiguration;
			buildSettings = {
				ASSETCATALOG_COMPILER_APPICON_NAME = AppIcon;
				CODE_SIGN_IDENTITY = "iPhone Developer";
				INFOPLIST_FILE = "adv770 v1/Info.plist";
				IPHONEOS_DEPLOYMENT_TARGET = 6.0;
				LD_RUNPATH_SEARCH_PATHS = "$(inherited) @executable_path/Frameworks";
				"OTHER_CFLAGS[arch=*]" = "-DIOS";
				PRODUCT_NAME = "$(TARGET_NAME)";
				PROVISIONING_PROFILE = "570c8330-3e0b-4f11-a469-dd6cfdde07a5";
			};
			name = Debug;
		};
		D388D2A91A51DE7F0086975F /* Release */ = {
			isa = XCBuildConfiguration;
			buildSettings = {
				ASSETCATALOG_COMPILER_APPICON_NAME = AppIcon;
				CODE_SIGN_IDENTITY = "iPhone Developer";
				INFOPLIST_FILE = "adv770 v1/Info.plist";
				IPHONEOS_DEPLOYMENT_TARGET = 6.0;
				LD_RUNPATH_SEARCH_PATHS = "$(inherited) @executable_path/Frameworks";
				"OTHER_CFLAGS[arch=*]" = "-DIOS";
				PRODUCT_NAME = "$(TARGET_NAME)";
				PROVISIONING_PROFILE = "570c8330-3e0b-4f11-a469-dd6cfdde07a5";
			};
			name = Release;
		};
		D388D2AB1A51DE7F0086975F /* Debug */ = {
			isa = XCBuildConfiguration;
			buildSettings = {
				BUNDLE_LOADER = "$(TEST_HOST)";
				FRAMEWORK_SEARCH_PATHS = (
					"$(SDKROOT)/Developer/Library/Frameworks",
					"$(inherited)",
				);
				GCC_PREPROCESSOR_DEFINITIONS = (
					"DEBUG=1",
					"$(inherited)",
				);
				INFOPLIST_FILE = "adv770 v1Tests/Info.plist";
				LD_RUNPATH_SEARCH_PATHS = "$(inherited) @executable_path/Frameworks @loader_path/Frameworks";
				PRODUCT_NAME = "$(TARGET_NAME)";
				TEST_HOST = "$(BUILT_PRODUCTS_DIR)/adv770 v1.app/adv770 v1";
			};
			name = Debug;
		};
		D388D2AC1A51DE7F0086975F /* Release */ = {
			isa = XCBuildConfiguration;
			buildSettings = {
				BUNDLE_LOADER = "$(TEST_HOST)";
				FRAMEWORK_SEARCH_PATHS = (
					"$(SDKROOT)/Developer/Library/Frameworks",
					"$(inherited)",
				);
				INFOPLIST_FILE = "adv770 v1Tests/Info.plist";
				LD_RUNPATH_SEARCH_PATHS = "$(inherited) @executable_path/Frameworks @loader_path/Frameworks";
				PRODUCT_NAME = "$(TARGET_NAME)";
				TEST_HOST = "$(BUILT_PRODUCTS_DIR)/adv770 v1.app/adv770 v1";
			};
			name = Release;
		};
/* End XCBuildConfiguration section */

/* Begin XCConfigurationList section */
		D388D27F1A51DE7E0086975F /* Build configuration list for PBXProject "adv770 v1" */ = {
			isa = XCConfigurationList;
			buildConfigurations = (
				D388D2A51A51DE7F0086975F /* Debug */,
				D388D2A61A51DE7F0086975F /* Release */,
			);
			defaultConfigurationIsVisible = 0;
			defaultConfigurationName = Release;
		};
		D388D2A71A51DE7F0086975F /* Build configuration list for PBXNativeTarget "adv770 v1" */ = {
			isa = XCConfigurationList;
			buildConfigurations = (
				D388D2A81A51DE7F0086975F /* Debug */,
				D388D2A91A51DE7F0086975F /* Release */,
			);
			defaultConfigurationIsVisible = 0;
			defaultConfigurationName = Release;
		};
		D388D2AA1A51DE7F0086975F /* Build configuration list for PBXNativeTarget "adv770 v1Tests" */ = {
			isa = XCConfigurationList;
			buildConfigurations = (
				D388D2AB1A51DE7F0086975F /* Debug */,
				D388D2AC1A51DE7F0086975F /* Release */,
			);
			defaultConfigurationIsVisible = 0;
			defaultConfigurationName = Release;
		};
/* End XCConfigurationList section */
	};
	rootObject = D388D27C1A51DE7E0086975F /* Project object */;
}
