// !$*UTF8*$!
{
	archiveVersion = 1;
	classes = {
	};
	objectVersion = 46;
	objects = {

/* Begin PBXBuildFile section */
		D3A617661A6764DE00278624 /* main.m in Sources */ = {isa = PBXBuildFile; fileRef = D3A617651A6764DE00278624 /* main.m */; };
		D3A617691A6764DE00278624 /* AppDelegate.m in Sources */ = {isa = PBXBuildFile; fileRef = D3A617681A6764DE00278624 /* AppDelegate.m */; };
		D3A617711A6764DE00278624 /* Images.xcassets in Resources */ = {isa = PBXBuildFile; fileRef = D3A617701A6764DE00278624 /* Images.xcassets */; };
		D3A617741A6764DE00278624 /* LaunchScreen.xib in Resources */ = {isa = PBXBuildFile; fileRef = D3A617721A6764DE00278624 /* LaunchScreen.xib */; };
		D3A617801A6764DE00278624 /* adv770Tests.m in Sources */ = {isa = PBXBuildFile; fileRef = D3A6177F1A6764DE00278624 /* adv770Tests.m */; };
		D3A6179F1A67652300278624 /* adv14.c in Sources */ = {isa = PBXBuildFile; fileRef = D3A6178F1A67652300278624 /* adv14.c */; };
		D3A617A01A67652300278624 /* adv15.c in Sources */ = {isa = PBXBuildFile; fileRef = D3A617901A67652300278624 /* adv15.c */; };
		D3A617A11A67652300278624 /* adv16.c in Sources */ = {isa = PBXBuildFile; fileRef = D3A617911A67652300278624 /* adv16.c */; };
		D3A617A21A67652300278624 /* adv17.c in Sources */ = {isa = PBXBuildFile; fileRef = D3A617921A67652300278624 /* adv17.c */; };
		D3A617A31A67652300278624 /* adv04.c in Sources */ = {isa = PBXBuildFile; fileRef = D3A617931A67652300278624 /* adv04.c */; };
		D3A617A41A67652300278624 /* adv05.c in Sources */ = {isa = PBXBuildFile; fileRef = D3A617941A67652300278624 /* adv05.c */; };
		D3A617A51A67652300278624 /* adv06.c in Sources */ = {isa = PBXBuildFile; fileRef = D3A617951A67652300278624 /* adv06.c */; };
		D3A617A61A67652300278624 /* adv07.c in Sources */ = {isa = PBXBuildFile; fileRef = D3A617961A67652300278624 /* adv07.c */; };
		D3A617A71A67652300278624 /* adv08.c in Sources */ = {isa = PBXBuildFile; fileRef = D3A617971A67652300278624 /* adv08.c */; };
		D3A617A81A67652300278624 /* adv09.c in Sources */ = {isa = PBXBuildFile; fileRef = D3A617981A67652300278624 /* adv09.c */; };
		D3A617A91A67652300278624 /* adv10.c in Sources */ = {isa = PBXBuildFile; fileRef = D3A617991A67652300278624 /* adv10.c */; };
		D3A617AA1A67652300278624 /* adv11.c in Sources */ = {isa = PBXBuildFile; fileRef = D3A6179A1A67652300278624 /* adv11.c */; };
		D3A617AB1A67652300278624 /* adv12.c in Sources */ = {isa = PBXBuildFile; fileRef = D3A6179B1A67652300278624 /* adv12.c */; };
		D3A617AC1A67652300278624 /* adv13.c in Sources */ = {isa = PBXBuildFile; fileRef = D3A6179C1A67652300278624 /* adv13.c */; };
		D3A617AD1A67652300278624 /* adv02.c in Sources */ = {isa = PBXBuildFile; fileRef = D3A6179D1A67652300278624 /* adv02.c */; };
		D3A617AE1A67652300278624 /* adv03.c in Sources */ = {isa = PBXBuildFile; fileRef = D3A6179E1A67652300278624 /* adv03.c */; };
		D3A617B81A67654500278624 /* ViewController.m in Sources */ = {isa = PBXBuildFile; fileRef = D3A617B01A67654500278624 /* ViewController.m */; };
		D3A617B91A67654500278624 /* Main.storyboard in Resources */ = {isa = PBXBuildFile; fileRef = D3A617B11A67654500278624 /* Main.storyboard */; };
		D3A617BA1A67654500278624 /* adv00.c in Sources */ = {isa = PBXBuildFile; fileRef = D3A617B31A67654500278624 /* adv00.c */; };
		D3A617BB1A67654500278624 /* adv01.c in Sources */ = {isa = PBXBuildFile; fileRef = D3A617B51A67654500278624 /* adv01.c */; };
		D3A617BC1A67654500278624 /* advio.m in Sources */ = {isa = PBXBuildFile; fileRef = D3A617B61A67654500278624 /* advio.m */; };
/* End PBXBuildFile section */

/* Begin PBXContainerItemProxy section */
		D3A6177A1A6764DE00278624 /* PBXContainerItemProxy */ = {
			isa = PBXContainerItemProxy;
			containerPortal = D3A617581A6764DE00278624 /* Project object */;
			proxyType = 1;
			remoteGlobalIDString = D3A6175F1A6764DE00278624;
			remoteInfo = adv770;
		};
/* End PBXContainerItemProxy section */

/* Begin PBXFileReference section */
		D3A617601A6764DE00278624 /* adv770.app */ = {isa = PBXFileReference; explicitFileType = wrapper.application; includeInIndex = 0; path = adv770.app; sourceTree = BUILT_PRODUCTS_DIR; };
		D3A617641A6764DE00278624 /* Info.plist */ = {isa = PBXFileReference; lastKnownFileType = text.plist.xml; path = Info.plist; sourceTree = "<group>"; };
		D3A617651A6764DE00278624 /* main.m */ = {isa = PBXFileReference; lastKnownFileType = sourcecode.c.objc; path = main.m; sourceTree = "<group>"; };
		D3A617671A6764DE00278624 /* AppDelegate.h */ = {isa = PBXFileReference; lastKnownFileType = sourcecode.c.h; path = AppDelegate.h; sourceTree = "<group>"; };
		D3A617681A6764DE00278624 /* AppDelegate.m */ = {isa = PBXFileReference; lastKnownFileType = sourcecode.c.objc; path = AppDelegate.m; sourceTree = "<group>"; };
		D3A617701A6764DE00278624 /* Images.xcassets */ = {isa = PBXFileReference; lastKnownFileType = folder.assetcatalog; path = Images.xcassets; sourceTree = "<group>"; };
		D3A617731A6764DE00278624 /* Base */ = {isa = PBXFileReference; lastKnownFileType = file.xib; name = Base; path = Base.lproj/LaunchScreen.xib; sourceTree = "<group>"; };
		D3A617791A6764DE00278624 /* adv770Tests.xctest */ = {isa = PBXFileReference; explicitFileType = wrapper.cfbundle; includeInIndex = 0; path = adv770Tests.xctest; sourceTree = BUILT_PRODUCTS_DIR; };
		D3A6177E1A6764DE00278624 /* Info.plist */ = {isa = PBXFileReference; lastKnownFileType = text.plist.xml; path = Info.plist; sourceTree = "<group>"; };
		D3A6177F1A6764DE00278624 /* adv770Tests.m */ = {isa = PBXFileReference; lastKnownFileType = sourcecode.c.objc; path = adv770Tests.m; sourceTree = "<group>"; };
		D3A617891A67652300278624 /* adv1.h */ = {isa = PBXFileReference; fileEncoding = 4; lastKnownFileType = sourcecode.c.h; name = adv1.h; path = ../../adv1.h; sourceTree = "<group>"; };
		D3A6178A1A67652300278624 /* adv2.h */ = {isa = PBXFileReference; fileEncoding = 4; lastKnownFileType = sourcecode.c.h; name = adv2.h; path = ../../adv2.h; sourceTree = "<group>"; };
		D3A6178B1A67652300278624 /* adv3.h */ = {isa = PBXFileReference; fileEncoding = 4; lastKnownFileType = sourcecode.c.h; name = adv3.h; path = ../../adv3.h; sourceTree = "<group>"; };
		D3A6178C1A67652300278624 /* adv4.h */ = {isa = PBXFileReference; fileEncoding = 4; lastKnownFileType = sourcecode.c.h; name = adv4.h; path = ../../adv4.h; sourceTree = "<group>"; };
		D3A6178D1A67652300278624 /* adv5.h */ = {isa = PBXFileReference; fileEncoding = 4; lastKnownFileType = sourcecode.c.h; name = adv5.h; path = ../../adv5.h; sourceTree = "<group>"; };
		D3A6178E1A67652300278624 /* adv6.h */ = {isa = PBXFileReference; fileEncoding = 4; lastKnownFileType = sourcecode.c.h; name = adv6.h; path = ../../adv6.h; sourceTree = "<group>"; };
		D3A6178F1A67652300278624 /* adv14.c */ = {isa = PBXFileReference; fileEncoding = 4; lastKnownFileType = sourcecode.c.c; name = adv14.c; path = ../../adv14.c; sourceTree = "<group>"; };
		D3A617901A67652300278624 /* adv15.c */ = {isa = PBXFileReference; fileEncoding = 4; lastKnownFileType = sourcecode.c.c; name = adv15.c; path = ../../adv15.c; sourceTree = "<group>"; };
		D3A617911A67652300278624 /* adv16.c */ = {isa = PBXFileReference; fileEncoding = 4; lastKnownFileType = sourcecode.c.c; name = adv16.c; path = ../../adv16.c; sourceTree = "<group>"; };
		D3A617921A67652300278624 /* adv17.c */ = {isa = PBXFileReference; fileEncoding = 4; lastKnownFileType = sourcecode.c.c; name = adv17.c; path = ../../adv17.c; sourceTree = "<group>"; };
		D3A617931A67652300278624 /* adv04.c */ = {isa = PBXFileReference; fileEncoding = 4; lastKnownFileType = sourcecode.c.c; name = adv04.c; path = ../../adv04.c; sourceTree = "<group>"; };
		D3A617941A67652300278624 /* adv05.c */ = {isa = PBXFileReference; fileEncoding = 4; lastKnownFileType = sourcecode.c.c; name = adv05.c; path = ../../adv05.c; sourceTree = "<group>"; };
		D3A617951A67652300278624 /* adv06.c */ = {isa = PBXFileReference; fileEncoding = 4; lastKnownFileType = sourcecode.c.c; name = adv06.c; path = ../../adv06.c; sourceTree = "<group>"; };
		D3A617961A67652300278624 /* adv07.c */ = {isa = PBXFileReference; fileEncoding = 4; lastKnownFileType = sourcecode.c.c; name = adv07.c; path = ../../adv07.c; sourceTree = "<group>"; };
		D3A617971A67652300278624 /* adv08.c */ = {isa = PBXFileReference; fileEncoding = 4; lastKnownFileType = sourcecode.c.c; name = adv08.c; path = ../../adv08.c; sourceTree = "<group>"; };
		D3A617981A67652300278624 /* adv09.c */ = {isa = PBXFileReference; fileEncoding = 4; lastKnownFileType = sourcecode.c.c; name = adv09.c; path = ../../adv09.c; sourceTree = "<group>"; };
		D3A617991A67652300278624 /* adv10.c */ = {isa = PBXFileReference; fileEncoding = 4; lastKnownFileType = sourcecode.c.c; name = adv10.c; path = ../../adv10.c; sourceTree = "<group>"; };
		D3A6179A1A67652300278624 /* adv11.c */ = {isa = PBXFileReference; fileEncoding = 4; lastKnownFileType = sourcecode.c.c; name = adv11.c; path = ../../adv11.c; sourceTree = "<group>"; };
		D3A6179B1A67652300278624 /* adv12.c */ = {isa = PBXFileReference; fileEncoding = 4; lastKnownFileType = sourcecode.c.c; name = adv12.c; path = ../../adv12.c; sourceTree = "<group>"; };
		D3A6179C1A67652300278624 /* adv13.c */ = {isa = PBXFileReference; fileEncoding = 4; lastKnownFileType = sourcecode.c.c; name = adv13.c; path = ../../adv13.c; sourceTree = "<group>"; };
		D3A6179D1A67652300278624 /* adv02.c */ = {isa = PBXFileReference; fileEncoding = 4; lastKnownFileType = sourcecode.c.c; name = adv02.c; path = ../../adv02.c; sourceTree = "<group>"; };
		D3A6179E1A67652300278624 /* adv03.c */ = {isa = PBXFileReference; fileEncoding = 4; lastKnownFileType = sourcecode.c.c; name = adv03.c; path = ../../adv03.c; sourceTree = "<group>"; };
		D3A617AF1A67654500278624 /* ios.h */ = {isa = PBXFileReference; fileEncoding = 4; lastKnownFileType = sourcecode.c.h; name = ios.h; path = ../../../AdvIOS/AdvIOS/ios.h; sourceTree = "<group>"; };
		D3A617B01A67654500278624 /* ViewController.m */ = {isa = PBXFileReference; fileEncoding = 4; lastKnownFileType = sourcecode.c.objc; name = ViewController.m; path = ../../../AdvIOS/AdvIOS/ViewController.m; sourceTree = "<group>"; };
		D3A617B11A67654500278624 /* Main.storyboard */ = {isa = PBXFileReference; fileEncoding = 4; lastKnownFileType = file.storyboard; name = Main.storyboard; path = ../../../AdvIOS/AdvIOS/Main.storyboard; sourceTree = "<group>"; };
		D3A617B21A67654500278624 /* ViewController.h */ = {isa = PBXFileReference; fileEncoding = 4; lastKnownFileType = sourcecode.c.h; name = ViewController.h; path = ../../../AdvIOS/AdvIOS/ViewController.h; sourceTree = "<group>"; };
		D3A617B31A67654500278624 /* adv00.c */ = {isa = PBXFileReference; fileEncoding = 4; lastKnownFileType = sourcecode.c.c; name = adv00.c; path = ../../../AdvIOS/AdvIOS/adv00.c; sourceTree = "<group>"; };
		D3A617B41A67654500278624 /* adv0.h */ = {isa = PBXFileReference; fileEncoding = 4; lastKnownFileType = sourcecode.c.h; name = adv0.h; path = ../../../AdvIOS/AdvIOS/adv0.h; sourceTree = "<group>"; };
		D3A617B51A67654500278624 /* adv01.c */ = {isa = PBXFileReference; fileEncoding = 4; lastKnownFileType = sourcecode.c.c; name = adv01.c; path = ../../../AdvIOS/AdvIOS/adv01.c; sourceTree = "<group>"; };
		D3A617B61A67654500278624 /* advio.m */ = {isa = PBXFileReference; fileEncoding = 4; lastKnownFileType = sourcecode.c.objc; name = advio.m; path = ../../../AdvIOS/AdvIOS/advio.m; sourceTree = "<group>"; };
		D3A617B71A67654500278624 /* advio.h */ = {isa = PBXFileReference; fileEncoding = 4; lastKnownFileType = sourcecode.c.h; name = advio.h; path = ../../../AdvIOS/AdvIOS/advio.h; sourceTree = "<group>"; };
		D3A617BD1A67659D00278624 /* version.h */ = {isa = PBXFileReference; lastKnownFileType = sourcecode.c.h; path = version.h; sourceTree = "<group>"; };
/* End PBXFileReference section */

/* Begin PBXFrameworksBuildPhase section */
		D3A6175D1A6764DE00278624 /* Frameworks */ = {
			isa = PBXFrameworksBuildPhase;
			buildActionMask = 2147483647;
			files = (
			);
			runOnlyForDeploymentPostprocessing = 0;
		};
		D3A617761A6764DE00278624 /* Frameworks */ = {
			isa = PBXFrameworksBuildPhase;
			buildActionMask = 2147483647;
			files = (
			);
			runOnlyForDeploymentPostprocessing = 0;
		};
/* End PBXFrameworksBuildPhase section */

/* Begin PBXGroup section */
		D3A617571A6764DE00278624 = {
			isa = PBXGroup;
			children = (
				D3A617621A6764DE00278624 /* adv770 */,
				D3A6177C1A6764DE00278624 /* adv770Tests */,
				D3A617611A6764DE00278624 /* Products */,
			);
			sourceTree = "<group>";
		};
		D3A617611A6764DE00278624 /* Products */ = {
			isa = PBXGroup;
			children = (
				D3A617601A6764DE00278624 /* adv770.app */,
				D3A617791A6764DE00278624 /* adv770Tests.xctest */,
			);
			name = Products;
			sourceTree = "<group>";
		};
		D3A617621A6764DE00278624 /* adv770 */ = {
			isa = PBXGroup;
			children = (
				D3A617AF1A67654500278624 /* ios.h */,
				D3A617B01A67654500278624 /* ViewController.m */,
				D3A617B11A67654500278624 /* Main.storyboard */,
				D3A617B21A67654500278624 /* ViewController.h */,
				D3A617BD1A67659D00278624 /* version.h */,
				D3A617B31A67654500278624 /* adv00.c */,
				D3A617B41A67654500278624 /* adv0.h */,
				D3A617B51A67654500278624 /* adv01.c */,
				D3A617B61A67654500278624 /* advio.m */,
				D3A617B71A67654500278624 /* advio.h */,
				D3A617891A67652300278624 /* adv1.h */,
				D3A6178A1A67652300278624 /* adv2.h */,
				D3A6178B1A67652300278624 /* adv3.h */,
				D3A6178C1A67652300278624 /* adv4.h */,
				D3A6178D1A67652300278624 /* adv5.h */,
				D3A6178E1A67652300278624 /* adv6.h */,
				D3A6178F1A67652300278624 /* adv14.c */,
				D3A617901A67652300278624 /* adv15.c */,
				D3A617911A67652300278624 /* adv16.c */,
				D3A617921A67652300278624 /* adv17.c */,
				D3A617931A67652300278624 /* adv04.c */,
				D3A617941A67652300278624 /* adv05.c */,
				D3A617951A67652300278624 /* adv06.c */,
				D3A617961A67652300278624 /* adv07.c */,
				D3A617971A67652300278624 /* adv08.c */,
				D3A617981A67652300278624 /* adv09.c */,
				D3A617991A67652300278624 /* adv10.c */,
				D3A6179A1A67652300278624 /* adv11.c */,
				D3A6179B1A67652300278624 /* adv12.c */,
				D3A6179C1A67652300278624 /* adv13.c */,
				D3A6179D1A67652300278624 /* adv02.c */,
				D3A6179E1A67652300278624 /* adv03.c */,
				D3A617671A6764DE00278624 /* AppDelegate.h */,
				D3A617681A6764DE00278624 /* AppDelegate.m */,
				D3A617701A6764DE00278624 /* Images.xcassets */,
				D3A617721A6764DE00278624 /* LaunchScreen.xib */,
				D3A617631A6764DE00278624 /* Supporting Files */,
			);
			path = adv770;
			sourceTree = "<group>";
		};
		D3A617631A6764DE00278624 /* Supporting Files */ = {
			isa = PBXGroup;
			children = (
				D3A617641A6764DE00278624 /* Info.plist */,
				D3A617651A6764DE00278624 /* main.m */,
			);
			name = "Supporting Files";
			sourceTree = "<group>";
		};
		D3A6177C1A6764DE00278624 /* adv770Tests */ = {
			isa = PBXGroup;
			children = (
				D3A6177F1A6764DE00278624 /* adv770Tests.m */,
				D3A6177D1A6764DE00278624 /* Supporting Files */,
			);
			path = adv770Tests;
			sourceTree = "<group>";
		};
		D3A6177D1A6764DE00278624 /* Supporting Files */ = {
			isa = PBXGroup;
			children = (
				D3A6177E1A6764DE00278624 /* Info.plist */,
			);
			name = "Supporting Files";
			sourceTree = "<group>";
		};
/* End PBXGroup section */

/* Begin PBXNativeTarget section */
		D3A6175F1A6764DE00278624 /* adv770 */ = {
			isa = PBXNativeTarget;
			buildConfigurationList = D3A617831A6764DE00278624 /* Build configuration list for PBXNativeTarget "adv770" */;
			buildPhases = (
				D3A6175C1A6764DE00278624 /* Sources */,
				D3A6175D1A6764DE00278624 /* Frameworks */,
				D3A6175E1A6764DE00278624 /* Resources */,
			);
			buildRules = (
			);
			dependencies = (
			);
			name = adv770;
			productName = adv770;
			productReference = D3A617601A6764DE00278624 /* adv770.app */;
			productType = "com.apple.product-type.application";
		};
		D3A617781A6764DE00278624 /* adv770Tests */ = {
			isa = PBXNativeTarget;
			buildConfigurationList = D3A617861A6764DE00278624 /* Build configuration list for PBXNativeTarget "adv770Tests" */;
			buildPhases = (
				D3A617751A6764DE00278624 /* Sources */,
				D3A617761A6764DE00278624 /* Frameworks */,
				D3A617771A6764DE00278624 /* Resources */,
			);
			buildRules = (
			);
			dependencies = (
				D3A6177B1A6764DE00278624 /* PBXTargetDependency */,
			);
			name = adv770Tests;
			productName = adv770Tests;
			productReference = D3A617791A6764DE00278624 /* adv770Tests.xctest */;
			productType = "com.apple.product-type.bundle.unit-test";
		};
/* End PBXNativeTarget section */

/* Begin PBXProject section */
		D3A617581A6764DE00278624 /* Project object */ = {
			isa = PBXProject;
			attributes = {
				LastUpgradeCheck = 0610;
				ORGANIZATIONNAME = Brian;
				TargetAttributes = {
					D3A6175F1A6764DE00278624 = {
						CreatedOnToolsVersion = 6.1.1;
					};
					D3A617781A6764DE00278624 = {
						CreatedOnToolsVersion = 6.1.1;
						TestTargetID = D3A6175F1A6764DE00278624;
					};
				};
			};
			buildConfigurationList = D3A6175B1A6764DE00278624 /* Build configuration list for PBXProject "adv770" */;
			compatibilityVersion = "Xcode 3.2";
			developmentRegion = English;
			hasScannedForEncodings = 0;
			knownRegions = (
				en,
				Base,
			);
			mainGroup = D3A617571A6764DE00278624;
			productRefGroup = D3A617611A6764DE00278624 /* Products */;
			projectDirPath = "";
			projectRoot = "";
			targets = (
				D3A6175F1A6764DE00278624 /* adv770 */,
				D3A617781A6764DE00278624 /* adv770Tests */,
			);
		};
/* End PBXProject section */

/* Begin PBXResourcesBuildPhase section */
		D3A6175E1A6764DE00278624 /* Resources */ = {
			isa = PBXResourcesBuildPhase;
			buildActionMask = 2147483647;
			files = (
				D3A617741A6764DE00278624 /* LaunchScreen.xib in Resources */,
				D3A617711A6764DE00278624 /* Images.xcassets in Resources */,
				D3A617B91A67654500278624 /* Main.storyboard in Resources */,
			);
			runOnlyForDeploymentPostprocessing = 0;
		};
		D3A617771A6764DE00278624 /* Resources */ = {
			isa = PBXResourcesBuildPhase;
			buildActionMask = 2147483647;
			files = (
			);
			runOnlyForDeploymentPostprocessing = 0;
		};
/* End PBXResourcesBuildPhase section */

/* Begin PBXSourcesBuildPhase section */
		D3A6175C1A6764DE00278624 /* Sources */ = {
			isa = PBXSourcesBuildPhase;
			buildActionMask = 2147483647;
			files = (
				D3A617BA1A67654500278624 /* adv00.c in Sources */,
				D3A617AA1A67652300278624 /* adv11.c in Sources */,
				D3A617A11A67652300278624 /* adv16.c in Sources */,
				D3A6179F1A67652300278624 /* adv14.c in Sources */,
				D3A617A71A67652300278624 /* adv08.c in Sources */,
				D3A617A91A67652300278624 /* adv10.c in Sources */,
				D3A617AB1A67652300278624 /* adv12.c in Sources */,
				D3A617BB1A67654500278624 /* adv01.c in Sources */,
				D3A617A51A67652300278624 /* adv06.c in Sources */,
				D3A617691A6764DE00278624 /* AppDelegate.m in Sources */,
				D3A617A21A67652300278624 /* adv17.c in Sources */,
				D3A617AE1A67652300278624 /* adv03.c in Sources */,
				D3A617BC1A67654500278624 /* advio.m in Sources */,
				D3A617A81A67652300278624 /* adv09.c in Sources */,
				D3A617A61A67652300278624 /* adv07.c in Sources */,
				D3A617661A6764DE00278624 /* main.m in Sources */,
				D3A617B81A67654500278624 /* ViewController.m in Sources */,
				D3A617AC1A67652300278624 /* adv13.c in Sources */,
				D3A617A41A67652300278624 /* adv05.c in Sources */,
				D3A617AD1A67652300278624 /* adv02.c in Sources */,
				D3A617A01A67652300278624 /* adv15.c in Sources */,
				D3A617A31A67652300278624 /* adv04.c in Sources */,
			);
			runOnlyForDeploymentPostprocessing = 0;
		};
		D3A617751A6764DE00278624 /* Sources */ = {
			isa = PBXSourcesBuildPhase;
			buildActionMask = 2147483647;
			files = (
				D3A617801A6764DE00278624 /* adv770Tests.m in Sources */,
			);
			runOnlyForDeploymentPostprocessing = 0;
		};
/* End PBXSourcesBuildPhase section */

/* Begin PBXTargetDependency section */
		D3A6177B1A6764DE00278624 /* PBXTargetDependency */ = {
			isa = PBXTargetDependency;
			target = D3A6175F1A6764DE00278624 /* adv770 */;
			targetProxy = D3A6177A1A6764DE00278624 /* PBXContainerItemProxy */;
		};
/* End PBXTargetDependency section */

/* Begin PBXVariantGroup section */
		D3A617721A6764DE00278624 /* LaunchScreen.xib */ = {
			isa = PBXVariantGroup;
			children = (
				D3A617731A6764DE00278624 /* Base */,
			);
			name = LaunchScreen.xib;
			sourceTree = "<group>";
		};
/* End PBXVariantGroup section */

/* Begin XCBuildConfiguration section */
		D3A617811A6764DE00278624 /* Debug */ = {
			isa = XCBuildConfiguration;
			buildSettings = {
				ALWAYS_SEARCH_USER_PATHS = NO;
				CLANG_CXX_LANGUAGE_STANDARD = "gnu++0x";
				CLANG_CXX_LIBRARY = "libc++";
				CLANG_ENABLE_MODULES = YES;
				CLANG_ENABLE_OBJC_ARC = YES;
				CLANG_WARN_BOOL_CONVERSION = YES;
				CLANG_WARN_CONSTANT_CONVERSION = YES;
				CLANG_WARN_DIRECT_OBJC_ISA_USAGE = YES_ERROR;
				CLANG_WARN_EMPTY_BODY = YES;
				CLANG_WARN_ENUM_CONVERSION = YES;
				CLANG_WARN_INT_CONVERSION = YES;
				CLANG_WARN_OBJC_ROOT_CLASS = YES_ERROR;
				CLANG_WARN_UNREACHABLE_CODE = YES;
				CLANG_WARN__DUPLICATE_METHOD_MATCH = YES;
				"CODE_SIGN_IDENTITY[sdk=iphoneos*]" = "iPhone Developer";
				COPY_PHASE_STRIP = NO;
				ENABLE_STRICT_OBJC_MSGSEND = YES;
				GCC_C_LANGUAGE_STANDARD = gnu99;
				GCC_DYNAMIC_NO_PIC = NO;
				GCC_OPTIMIZATION_LEVEL = 0;
				GCC_PREPROCESSOR_DEFINITIONS = (
					"DEBUG=1",
					"$(inherited)",
				);
				GCC_SYMBOLS_PRIVATE_EXTERN = NO;
				GCC_WARN_64_TO_32_BIT_CONVERSION = YES;
				GCC_WARN_ABOUT_RETURN_TYPE = YES_ERROR;
				GCC_WARN_UNDECLARED_SELECTOR = YES;
				GCC_WARN_UNINITIALIZED_AUTOS = YES_AGGRESSIVE;
				GCC_WARN_UNUSED_FUNCTION = YES;
				GCC_WARN_UNUSED_VARIABLE = YES;
				IPHONEOS_DEPLOYMENT_TARGET = 8.1;
				MTL_ENABLE_DEBUG_INFO = YES;
				ONLY_ACTIVE_ARCH = YES;
				SDKROOT = iphoneos;
				TARGETED_DEVICE_FAMILY = 2;
			};
			name = Debug;
		};
		D3A617821A6764DE00278624 /* Release */ = {
			isa = XCBuildConfiguration;
			buildSettings = {
				ALWAYS_SEARCH_USER_PATHS = NO;
				CLANG_CXX_LANGUAGE_STANDARD = "gnu++0x";
				CLANG_CXX_LIBRARY = "libc++";
				CLANG_ENABLE_MODULES = YES;
				CLANG_ENABLE_OBJC_ARC = YES;
				CLANG_WARN_BOOL_CONVERSION = YES;
				CLANG_WARN_CONSTANT_CONVERSION = YES;
				CLANG_WARN_DIRECT_OBJC_ISA_USAGE = YES_ERROR;
				CLANG_WARN_EMPTY_BODY = YES;
				CLANG_WARN_ENUM_CONVERSION = YES;
				CLANG_WARN_INT_CONVERSION = YES;
				CLANG_WARN_OBJC_ROOT_CLASS = YES_ERROR;
				CLANG_WARN_UNREACHABLE_CODE = YES;
				CLANG_WARN__DUPLICATE_METHOD_MATCH = YES;
				"CODE_SIGN_IDENTITY[sdk=iphoneos*]" = "iPhone Developer";
				COPY_PHASE_STRIP = YES;
				ENABLE_NS_ASSERTIONS = NO;
				ENABLE_STRICT_OBJC_MSGSEND = YES;
				GCC_C_LANGUAGE_STANDARD = gnu99;
				GCC_WARN_64_TO_32_BIT_CONVERSION = YES;
				GCC_WARN_ABOUT_RETURN_TYPE = YES_ERROR;
				GCC_WARN_UNDECLARED_SELECTOR = YES;
				GCC_WARN_UNINITIALIZED_AUTOS = YES_AGGRESSIVE;
				GCC_WARN_UNUSED_FUNCTION = YES;
				GCC_WARN_UNUSED_VARIABLE = YES;
				IPHONEOS_DEPLOYMENT_TARGET = 8.1;
				MTL_ENABLE_DEBUG_INFO = NO;
				SDKROOT = iphoneos;
				TARGETED_DEVICE_FAMILY = 2;
				VALIDATE_PRODUCT = YES;
			};
			name = Release;
		};
		D3A617841A6764DE00278624 /* Debug */ = {
			isa = XCBuildConfiguration;
			buildSettings = {
				ASSETCATALOG_COMPILER_APPICON_NAME = AppIcon;
				INFOPLIST_FILE = adv770/Info.plist;
				LD_RUNPATH_SEARCH_PATHS = "$(inherited) @executable_path/Frameworks";
				OTHER_CFLAGS = "-DIOS";
				PRODUCT_NAME = "$(TARGET_NAME)";
			};
			name = Debug;
		};
		D3A617851A6764DE00278624 /* Release */ = {
			isa = XCBuildConfiguration;
			buildSettings = {
				ASSETCATALOG_COMPILER_APPICON_NAME = AppIcon;
				INFOPLIST_FILE = adv770/Info.plist;
				LD_RUNPATH_SEARCH_PATHS = "$(inherited) @executable_path/Frameworks";
				OTHER_CFLAGS = "-DIOS";
				PRODUCT_NAME = "$(TARGET_NAME)";
			};
			name = Release;
		};
		D3A617871A6764DE00278624 /* Debug */ = {
			isa = XCBuildConfiguration;
			buildSettings = {
				BUNDLE_LOADER = "$(TEST_HOST)";
				FRAMEWORK_SEARCH_PATHS = (
					"$(SDKROOT)/Developer/Library/Frameworks",
					"$(inherited)",
				);
				GCC_PREPROCESSOR_DEFINITIONS = (
					"DEBUG=1",
					"$(inherited)",
				);
				INFOPLIST_FILE = adv770Tests/Info.plist;
				LD_RUNPATH_SEARCH_PATHS = "$(inherited) @executable_path/Frameworks @loader_path/Frameworks";
				PRODUCT_NAME = "$(TARGET_NAME)";
				TEST_HOST = "$(BUILT_PRODUCTS_DIR)/adv770.app/adv770";
			};
			name = Debug;
		};
		D3A617881A6764DE00278624 /* Release */ = {
			isa = XCBuildConfiguration;
			buildSettings = {
				BUNDLE_LOADER = "$(TEST_HOST)";
				FRAMEWORK_SEARCH_PATHS = (
					"$(SDKROOT)/Developer/Library/Frameworks",
					"$(inherited)",
				);
				INFOPLIST_FILE = adv770Tests/Info.plist;
				LD_RUNPATH_SEARCH_PATHS = "$(inherited) @executable_path/Frameworks @loader_path/Frameworks";
				PRODUCT_NAME = "$(TARGET_NAME)";
				TEST_HOST = "$(BUILT_PRODUCTS_DIR)/adv770.app/adv770";
			};
			name = Release;
		};
/* End XCBuildConfiguration section */

/* Begin XCConfigurationList section */
		D3A6175B1A6764DE00278624 /* Build configuration list for PBXProject "adv770" */ = {
			isa = XCConfigurationList;
			buildConfigurations = (
				D3A617811A6764DE00278624 /* Debug */,
				D3A617821A6764DE00278624 /* Release */,
			);
			defaultConfigurationIsVisible = 0;
			defaultConfigurationName = Release;
		};
		D3A617831A6764DE00278624 /* Build configuration list for PBXNativeTarget "adv770" */ = {
			isa = XCConfigurationList;
			buildConfigurations = (
				D3A617841A6764DE00278624 /* Debug */,
				D3A617851A6764DE00278624 /* Release */,
			);
			defaultConfigurationIsVisible = 0;
		};
		D3A617861A6764DE00278624 /* Build configuration list for PBXNativeTarget "adv770Tests" */ = {
			isa = XCConfigurationList;
			buildConfigurations = (
				D3A617871A6764DE00278624 /* Debug */,
				D3A617881A6764DE00278624 /* Release */,
			);
			defaultConfigurationIsVisible = 0;
		};
/* End XCConfigurationList section */
	};
	rootObject = D3A617581A6764DE00278624 /* Project object */;
}
